
Microsoft Visual Studio Solution File, Format Version 12.00
# Visual Studio Version 16
VisualStudioVersion = 16.0.29613.14
MinimumVisualStudioVersion = 10.0.40219.1
Project("{9A19103F-16F7-4668-BE54-9A1E7A4F7556}") = "MyApps", "MyApps\MyApps.csproj", "{0AC995C0-8F95-4CD4-A311-A082ADD511D7}"
EndProject
Project("{9A19103F-16F7-4668-BE54-9A1E7A4F7556}") = "Entities", "Entities\Entities.csproj", "{AC89DD11-D292-4364-9FBD-EE3D7289C945}"
EndProject
Project("{9A19103F-16F7-4668-BE54-9A1E7A4F7556}") = "DataAccessLayer", "DataAccessLayer\DataAccessLayer.csproj", "{04874400-959E-48C0-9056-B5ACB4B91206}"
EndProject
Project("{9A19103F-16F7-4668-BE54-9A1E7A4F7556}") = "BusinessLogicLayer", "BusinessLogicLayer\BusinessLogicLayer.csproj", "{1F55901B-4F7F-4970-82EF-24BD80E96BF8}"
EndProject
Project("{9A19103F-16F7-4668-BE54-9A1E7A4F7556}") = "CustomException", "CustomException\CustomException.csproj", "{6393CFAD-D591-49EF-9FA9-5FB7FC66A2D1}"
EndProject
Project("{2150E333-8FDC-42A3-9474-1A3956D46DE8}") = "src", "src", "{3F51A460-FA75-4BD1-9845-7753A8FA224B}"
EndProject
Global
	GlobalSection(SolutionConfigurationPlatforms) = preSolution
		Debug|Any CPU = Debug|Any CPU
		Release|Any CPU = Release|Any CPU
	EndGlobalSection
	GlobalSection(ProjectConfigurationPlatforms) = postSolution
		{0AC995C0-8F95-4CD4-A311-A082ADD511D7}.Debug|Any CPU.ActiveCfg = Debug|Any CPU
		{0AC995C0-8F95-4CD4-A311-A082ADD511D7}.Debug|Any CPU.Build.0 = Debug|Any CPU
		{0AC995C0-8F95-4CD4-A311-A082ADD511D7}.Release|Any CPU.ActiveCfg = Release|Any CPU
		{0AC995C0-8F95-4CD4-A311-A082ADD511D7}.Release|Any CPU.Build.0 = Release|Any CPU
		{AC89DD11-D292-4364-9FBD-EE3D7289C945}.Debug|Any CPU.ActiveCfg = Debug|Any CPU
		{AC89DD11-D292-4364-9FBD-EE3D7289C945}.Debug|Any CPU.Build.0 = Debug|Any CPU
		{AC89DD11-D292-4364-9FBD-EE3D7289C945}.Release|Any CPU.ActiveCfg = Release|Any CPU
		{AC89DD11-D292-4364-9FBD-EE3D7289C945}.Release|Any CPU.Build.0 = Release|Any CPU
		{04874400-959E-48C0-9056-B5ACB4B91206}.Debug|Any CPU.ActiveCfg = Debug|Any CPU
		{04874400-959E-48C0-9056-B5ACB4B91206}.Debug|Any CPU.Build.0 = Debug|Any CPU
		{04874400-959E-48C0-9056-B5ACB4B91206}.Release|Any CPU.ActiveCfg = Release|Any CPU
		{04874400-959E-48C0-9056-B5ACB4B91206}.Release|Any CPU.Build.0 = Release|Any CPU
		{1F55901B-4F7F-4970-82EF-24BD80E96BF8}.Debug|Any CPU.ActiveCfg = Debug|Any CPU
		{1F55901B-4F7F-4970-82EF-24BD80E96BF8}.Debug|Any CPU.Build.0 = Debug|Any CPU
		{1F55901B-4F7F-4970-82EF-24BD80E96BF8}.Release|Any CPU.ActiveCfg = Release|Any CPU
		{1F55901B-4F7F-4970-82EF-24BD80E96BF8}.Release|Any CPU.Build.0 = Release|Any CPU
		{6393CFAD-D591-49EF-9FA9-5FB7FC66A2D1}.Debug|Any CPU.ActiveCfg = Debug|Any CPU
		{6393CFAD-D591-49EF-9FA9-5FB7FC66A2D1}.Debug|Any CPU.Build.0 = Debug|Any CPU
		{6393CFAD-D591-49EF-9FA9-5FB7FC66A2D1}.Release|Any CPU.ActiveCfg = Release|Any CPU
		{6393CFAD-D591-49EF-9FA9-5FB7FC66A2D1}.Release|Any CPU.Build.0 = Release|Any CPU
	EndGlobalSection
	GlobalSection(SolutionProperties) = preSolution
		HideSolutionNode = FALSE
	EndGlobalSection
	GlobalSection(NestedProjects) = preSolution
		{0AC995C0-8F95-4CD4-A311-A082ADD511D7} = {3F51A460-FA75-4BD1-9845-7753A8FA224B}
		{AC89DD11-D292-4364-9FBD-EE3D7289C945} = {3F51A460-FA75-4BD1-9845-7753A8FA224B}
		{04874400-959E-48C0-9056-B5ACB4B91206} = {3F51A460-FA75-4BD1-9845-7753A8FA224B}
		{1F55901B-4F7F-4970-82EF-24BD80E96BF8} = {3F51A460-FA75-4BD1-9845-7753A8FA224B}
		{6393CFAD-D591-49EF-9FA9-5FB7FC66A2D1} = {3F51A460-FA75-4BD1-9845-7753A8FA224B}
	EndGlobalSection
	GlobalSection(ExtensibilityGlobals) = postSolution
		SolutionGuid = {CB32A212-AB40-408D-B32B-C2AB96DA45D6}
	EndGlobalSection
EndGlobal
